{
  "name": "cypress-dependecies",
  "version": "1.0.0",
  "lockfileVersion": 2,
  "requires": true,
  "packages": {
    "": {
      "name": "cypress-dependecies",
      "version": "1.0.0",
      "license": "ISC",
      "dependencies": {
        "dotenv": "^15.0.1"
      }
    },
    "node_modules/dotenv": {
      "version": "15.0.1",
      "resolved": "https://registry.npmjs.org/dotenv/-/dotenv-15.0.1.tgz",
      "integrity": "sha512-4OnbwRfzR+xQThp7uq1xpUS9fmgZ//njexOtPjPSbK3yHGrSHSJnaJRsXderSSm2elfvVj+Y5awDC0I8Oy8rkA==",
      "engines": {
        "node": ">=12"
      }
    }
  },
  "dependencies": {
    "dotenv": {
      "version": "15.0.1",
      "resolved": "https://registry.npmjs.org/dotenv/-/dotenv-15.0.1.tgz",
      "integrity": "sha512-4OnbwRfzR+xQThp7uq1xpUS9fmgZ//njexOtPjPSbK3yHGrSHSJnaJRsXderSSm2elfvVj+Y5awDC0I8Oy8rkA=="
    }
  }
}
